Microsoft Visual Studio Solution File, Format Version 12.00
# Visual Studio Version 17
VisualStudioVersion = 17.5.2.0
MinimumVisualStudioVersion = 10.0.40219.1
Project("{FAE04EC0-301F-11D3-BF4B-00C04F79EFBC}") = "juegoCartas_net", "juegoCartas_net.csproj", "{B90EE6E7-1DB7-9FB1-5DD7-2AB384CDB2D2}"
EndProject
Global
	GlobalSection(SolutionConfigurationPlatforms) = preSolution
		Debug|Any CPU = Debug|Any CPU
		Release|Any CPU = Release|Any CPU
	EndGlobalSection
	GlobalSection(ProjectConfigurationPlatforms) = postSolution
		{B90EE6E7-1DB7-9FB1-5DD7-2AB384CDB2D2}.Debug|Any CPU.ActiveCfg = Debug|Any CPU
		{B90EE6E7-1DB7-9FB1-5DD7-2AB384CDB2D2}.Debug|Any CPU.Build.0 = Debug|Any CPU
		{B90EE6E7-1DB7-9FB1-5DD7-2AB384CDB2D2}.Release|Any CPU.ActiveCfg = Release|Any CPU
		{B90EE6E7-1DB7-9FB1-5DD7-2AB384CDB2D2}.Release|Any CPU.Build.0 = Release|Any CPU
	EndGlobalSection
	GlobalSection(SolutionProperties) = preSolution
		HideSolutionNode = FALSE
	EndGlobalSection
	GlobalSection(ExtensibilityGlobals) = postSolution
		SolutionGuid = {B9629D6A-A609-48F8-A243-D921DBACD64D}
	EndGlobalSection
EndGlobal
